
Microsoft Visual Studio Solution File, Format Version 12.00
# Visual Studio 15
VisualStudioVersion = 15.0.28307.1000
MinimumVisualStudioVersion = 10.0.40219.1
Project("{FAE04EC0-301F-11D3-BF4B-00C04F79EFBC}") = "CustomTagHelpers", "CustomTagHelpers\CustomTagHelpers.csproj", "{FE210F77-24D4-4FEF-B37E-1CCCF510C13A}"
EndProject
Global
	GlobalSection(SolutionConfigurationPlatforms) = preSolution
		Debug|Any CPU = Debug|Any CPU
		Release|Any CPU = Release|Any CPU
	EndGlobalSection
	GlobalSection(ProjectConfigurationPlatforms) = postSolution
		{FE210F77-24D4-4FEF-B37E-1CCCF510C13A}.Debug|Any CPU.ActiveCfg = Debug|Any CPU
		{FE210F77-24D4-4FEF-B37E-1CCCF510C13A}.Debug|Any CPU.Build.0 = Debug|Any CPU
		{FE210F77-24D4-4FEF-B37E-1CCCF510C13A}.Release|Any CPU.ActiveCfg = Release|Any CPU
		{FE210F77-24D4-4FEF-B37E-1CCCF510C13A}.Release|Any CPU.Build.0 = Release|Any CPU
	EndGlobalSection
	GlobalSection(SolutionProperties) = preSolution
		HideSolutionNode = FALSE
	EndGlobalSection
	GlobalSection(ExtensibilityGlobals) = postSolution
		SolutionGuid = {A3E33DC9-91AA-4CD8-B651-8B68FC5877DA}
	EndGlobalSection
EndGlobal
